
Microsoft Visual Studio Solution File, Format Version 12.00
# Visual Studio Version 17
VisualStudioVersion = 17.10.35122.118
MinimumVisualStudioVersion = 10.0.40219.1
Project("{FAE04EC0-301F-11D3-BF4B-00C04F79EFBC}") = "CafeManagementSystem", "CafeManagementSystem\CafeManagementSystem.csproj", "{C7785DE6-1B5E-44A9-812D-8499BD88B571}"
EndProject
Global
	GlobalSection(SolutionConfigurationPlatforms) = preSolution
		Debug|Any CPU = Debug|Any CPU
		Release|Any CPU = Release|Any CPU
	EndGlobalSection
	GlobalSection(ProjectConfigurationPlatforms) = postSolution
		{C7785DE6-1B5E-44A9-812D-8499BD88B571}.Debug|Any CPU.ActiveCfg = Debug|Any CPU
		{C7785DE6-1B5E-44A9-812D-8499BD88B571}.Debug|Any CPU.Build.0 = Debug|Any CPU
		{C7785DE6-1B5E-44A9-812D-8499BD88B571}.Release|Any CPU.ActiveCfg = Release|Any CPU
		{C7785DE6-1B5E-44A9-812D-8499BD88B571}.Release|Any CPU.Build.0 = Release|Any CPU
	EndGlobalSection
	GlobalSection(SolutionProperties) = preSolution
		HideSolutionNode = FALSE
	EndGlobalSection
	GlobalSection(ExtensibilityGlobals) = postSolution
		SolutionGuid = {61E985C3-F9C2-4B25-9628-3A64350CFFE7}
	EndGlobalSection
EndGlobal